<?xml version="1.0" encoding="utf-8"?>
<Project ToolsVersion="4.0" xmlns="http://schemas.microsoft.com/developer/msbuild/2003">
  <ItemGroup>
    <Filter Include="Source Files">
      <UniqueIdentifier>{4FC737F1-C7A5-4376-A066-2A32D752A2FF}</UniqueIdentifier>
      <Extensions>cpp;cxx;c;def</Extensions>
    </Filter>
    <Filter Include="Header Files">
      <UniqueIdentifier>{93995380-89BD-4b04-88EB-625FBE52EBFB}</UniqueIdentifier>
      <Extensions>h</Extensions>
    </Filter>
    <Filter Include="Form Files">
      <UniqueIdentifier>{99349809-55BA-4b9d-BF79-8FDBB0286EB3}</UniqueIdentifier>
      <Extensions>ui</Extensions>
    </Filter>
    <Filter Include="Resource Files">
      <UniqueIdentifier>{D9D6E242-F8AF-46E4-B9FD-80ECBC20BA3E}</UniqueIdentifier>
      <Extensions>qrc;*</Extensions>
      <ParseFiles>false</ParseFiles>
    </Filter>
    <Filter Include="Generated Files">
      <UniqueIdentifier>{71ED8ED8-ACB9-4CE9-BBE1-E00B30144E11}</UniqueIdentifier>
      <Extensions>moc;h;cpp</Extensions>
      <SourceControlFiles>False</SourceControlFiles>
    </Filter>
    <Filter Include="Generated Files\Debug">
      <UniqueIdentifier>{fa567192-c517-4a6c-a8f4-54c9d3c4d5c5}</UniqueIdentifier>
      <Extensions>cpp;moc</Extensions>
      <SourceControlFiles>False</SourceControlFiles>
    </Filter>
    <Filter Include="Generated Files\Release">
      <UniqueIdentifier>{2024b0ad-ea70-4cf1-932a-159c4651fbcd}</UniqueIdentifier>
      <Extensions>cpp;moc</Extensions>
      <SourceControlFiles>False</SourceControlFiles>
    </Filter>
    <Filter Include="Shaders">
      <UniqueIdentifier>{a131cfa2-965e-4ad1-8bf0-d67516442a0b}</UniqueIdentifier>
    </Filter>
    <Filter Include="Source Files\QT">
      <UniqueIdentifier>{b3139f20-70aa-43e7-b42f-a4da58a3298f}</UniqueIdentifier>
    </Filter>
    <Filter Include="Header Files\QT">
      <UniqueIdentifier>{81e3aa47-054c-4737-89b3-346121074f48}</UniqueIdentifier>
    </Filter>
  </ItemGroup>
  <ItemGroup>
    <ClCompile Include="GeneratedFiles\qrc_modelviewer.cpp">
      <Filter>Generated Files</Filter>
    </ClCompile>
    <ClCompile Include="imageprojectionwidget.cpp">
      <Filter>Source Files\QT</Filter>
    </ClCompile>
    <ClCompile Include="main.cpp">
      <Filter>Source Files\QT</Filter>
    </ClCompile>
    <ClCompile Include="modelscenemanagerwidget.cpp">
      <Filter>Source Files\QT</Filter>
    </ClCompile>
    <ClCompile Include="modelvieweroglwidget.cpp">
      <Filter>Source Files\QT</Filter>
    </ClCompile>
    <ClCompile Include="modelviewer.cpp">
      <Filter>Source Files\QT</Filter>
    </ClCompile>
    <ClCompile Include="voxelizewidget.cpp">
      <Filter>Source Files\QT</Filter>
    </ClCompile>
    <ClCompile Include="voxelize.c">
      <Filter>Source Files</Filter>
    </ClCompile>
    <ClCompile Include="vbo.c">
      <Filter>Source Files</Filter>
    </ClCompile>
    <ClCompile Include="stack.c">
      <Filter>Source Files</Filter>
    </ClCompile>
    <ClCompile Include="ray.c">
      <Filter>Source Files</Filter>
    </ClCompile>
    <ClCompile Include="queue.c">
      <Filter>Source Files</Filter>
    </ClCompile>
    <ClCompile Include="objecttree.c">
      <Filter>Source Files</Filter>
    </ClCompile>
    <ClCompile Include="mymath.c">
      <Filter>Source Files</Filter>
    </ClCompile>
    <ClCompile Include="modelvbo.c">
      <Filter>Source Files</Filter>
    </ClCompile>
    <ClCompile Include="meshmodel.c">
      <Filter>Source Files</Filter>
    </ClCompile>
    <ClCompile Include="material.c">
      <Filter>Source Files</Filter>
    </ClCompile>
    <ClCompile Include="marchingcube.c">
      <Filter>Source Files</Filter>
    </ClCompile>
    <ClCompile Include="light.c">
      <Filter>Source Files</Filter>
    </ClCompile>
    <ClCompile Include="image.c">
      <Filter>Source Files</Filter>
    </ClCompile>
    <ClCompile Include="enqlist.c">
      <Filter>Source Files</Filter>
    </ClCompile>
    <ClCompile Include="distancefield.c">
      <Filter>Source Files</Filter>
    </ClCompile>
    <ClCompile Include="boundingbox.c">
      <Filter>Source Files</Filter>
    </ClCompile>
    <ClCompile Include="LoadShaders.cpp">
      <Filter>Source Files</Filter>
    </ClCompile>
    <ClCompile Include="lightwidget.cpp">
      <Filter>Source Files\QT</Filter>
    </ClCompile>
    <ClCompile Include="titlebar.cpp">
      <Filter>Source Files\QT</Filter>
    </ClCompile>
    <ClCompile Include="GeneratedFiles\Debug\moc_imageprojectionwidget.cpp">
      <Filter>Generated Files\Debug</Filter>
    </ClCompile>
    <ClCompile Include="GeneratedFiles\Release\moc_imageprojectionwidget.cpp">
      <Filter>Generated Files\Release</Filter>
    </ClCompile>
    <ClCompile Include="GeneratedFiles\Debug\moc_lightwidget.cpp">
      <Filter>Generated Files\Debug</Filter>
    </ClCompile>
    <ClCompile Include="GeneratedFiles\Release\moc_lightwidget.cpp">
      <Filter>Generated Files\Release</Filter>
    </ClCompile>
    <ClCompile Include="GeneratedFiles\Debug\moc_modelscenemanagerwidget.cpp">
      <Filter>Generated Files\Debug</Filter>
    </ClCompile>
    <ClCompile Include="GeneratedFiles\Release\moc_modelscenemanagerwidget.cpp">
      <Filter>Generated Files\Release</Filter>
    </ClCompile>
    <ClCompile Include="GeneratedFiles\Debug\moc_modelviewer.cpp">
      <Filter>Generated Files\Debug</Filter>
    </ClCompile>
    <ClCompile Include="GeneratedFiles\Release\moc_modelviewer.cpp">
      <Filter>Generated Files\Release</Filter>
    </ClCompile>
    <ClCompile Include="GeneratedFiles\Debug\moc_modelvieweroglwidget.cpp">
      <Filter>Generated Files\Debug</Filter>
    </ClCompile>
    <ClCompile Include="GeneratedFiles\Release\moc_modelvieweroglwidget.cpp">
      <Filter>Generated Files\Release</Filter>
    </ClCompile>
    <ClCompile Include="GeneratedFiles\Debug\moc_titlebar.cpp">
      <Filter>Generated Files\Debug</Filter>
    </ClCompile>
    <ClCompile Include="GeneratedFiles\Release\moc_titlebar.cpp">
      <Filter>Generated Files\Release</Filter>
    </ClCompile>
    <ClCompile Include="GeneratedFiles\Debug\moc_voxelizewidget.cpp">
      <Filter>Generated Files\Debug</Filter>
    </ClCompile>
    <ClCompile Include="GeneratedFiles\Release\moc_voxelizewidget.cpp">
      <Filter>Generated Files\Release</Filter>
    </ClCompile>
    <ClCompile Include="image3D.c">
      <Filter>Source Files</Filter>
    </ClCompile>
  </ItemGroup>
  <ItemGroup>
    <CustomBuild Include="modelviewer.ui">
      <Filter>Form Files</Filter>
    </CustomBuild>
    <CustomBuild Include="modelviewer.qrc">
      <Filter>Resource Files</Filter>
    </CustomBuild>
    <CustomBuild Include="voxelizewidget.ui">
      <Filter>Form Files</Filter>
    </CustomBuild>
    <CustomBuild Include="imageprojectionwidget.hpp">
      <Filter>Header Files\QT</Filter>
    </CustomBuild>
    <CustomBuild Include="lightwidget.hpp">
      <Filter>Header Files\QT</Filter>
    </CustomBuild>
    <CustomBuild Include="modelscenemanagerwidget.hpp">
      <Filter>Header Files\QT</Filter>
    </CustomBuild>
    <CustomBuild Include="modelviewer.hpp">
      <Filter>Header Files\QT</Filter>
    </CustomBuild>
    <CustomBuild Include="modelvieweroglwidget.hpp">
      <Filter>Header Files\QT</Filter>
    </CustomBuild>
    <CustomBuild Include="titlebar.hpp">
      <Filter>Header Files\QT</Filter>
    </CustomBuild>
    <CustomBuild Include="voxelizewidget.hpp">
      <Filter>Header Files\QT</Filter>
    </CustomBuild>
  </ItemGroup>
  <ItemGroup>
    <ClInclude Include="GeneratedFiles\ui_modelviewer.h">
      <Filter>Generated Files</Filter>
    </ClInclude>
    <ClInclude Include="image.h">
      <Filter>Header Files</Filter>
    </ClInclude>
    <ClInclude Include="light.h">
      <Filter>Header Files</Filter>
    </ClInclude>
    <ClInclude Include="LoadShaders.h">
      <Filter>Header Files</Filter>
    </ClInclude>
    <ClInclude Include="material.h">
      <Filter>Header Files</Filter>
    </ClInclude>
    <ClInclude Include="meshmodel.h">
      <Filter>Header Files</Filter>
    </ClInclude>
    <ClInclude Include="modelvbo.h">
      <Filter>Header Files</Filter>
    </ClInclude>
    <ClInclude Include="mymath.h">
      <Filter>Header Files</Filter>
    </ClInclude>
    <ClInclude Include="GeneratedFiles\ui_voxelizewidget.h">
      <Filter>Generated Files</Filter>
    </ClInclude>
    <ClInclude Include="vbo.h">
      <Filter>Header Files</Filter>
    </ClInclude>
    <ClInclude Include="ray.h">
      <Filter>Header Files</Filter>
    </ClInclude>
    <ClInclude Include="marchingcube.h">
      <Filter>Header Files</Filter>
    </ClInclude>
    <ClInclude Include="distancefield.h">
      <Filter>Header Files</Filter>
    </ClInclude>
    <ClInclude Include="voxel.h">
      <Filter>Header Files</Filter>
    </ClInclude>
    <ClInclude Include="voxelize.h">
      <Filter>Header Files</Filter>
    </ClInclude>
    <ClInclude Include="enqlist.h">
      <Filter>Header Files</Filter>
    </ClInclude>
    <ClInclude Include="boundingbox.h">
      <Filter>Header Files</Filter>
    </ClInclude>
    <ClInclude Include="stack.h">
      <Filter>Header Files</Filter>
    </ClInclude>
    <ClInclude Include="queue.h">
      <Filter>Header Files</Filter>
    </ClInclude>
    <ClInclude Include="objecttree.h">
      <Filter>Header Files</Filter>
    </ClInclude>
    <ClInclude Include="image3D.h">
      <Filter>Header Files</Filter>
    </ClInclude>
  </ItemGroup>
  <ItemGroup>
    <None Include="shaders\lightpass.frag">
      <Filter>Shaders</Filter>
    </None>
    <None Include="shaders\lightpass.vert">
      <Filter>Shaders</Filter>
    </None>
    <None Include="shaders\model.frag">
      <Filter>Shaders</Filter>
    </None>
    <None Include="shaders\model.vert">
      <Filter>Shaders</Filter>
    </None>
    <None Include="shaders\picking.frag">
      <Filter>Shaders</Filter>
    </None>
    <None Include="shaders\picking.vert">
      <Filter>Shaders</Filter>
    </None>
    <None Include="shaders\shadow.frag">
      <Filter>Shaders</Filter>
    </None>
    <None Include="shaders\shadow.vert">
      <Filter>Shaders</Filter>
    </None>
    <None Include="shaders\simple.frag">
      <Filter>Shaders</Filter>
    </None>
    <None Include="shaders\simple.vert">
      <Filter>Shaders</Filter>
    </None>
    <None Include="shaders\ssao.frag">
      <Filter>Shaders</Filter>
    </None>
    <None Include="shaders\ssao.vert">
      <Filter>Shaders</Filter>
    </None>
    <None Include="shaders\ssao_blur.frag">
      <Filter>Shaders</Filter>
    </None>
    <None Include="shaders\ssao_blur.vert">
      <Filter>Shaders</Filter>
    </None>
    <None Include="shaders\ssao_geometry.frag">
      <Filter>Shaders</Filter>
    </None>
    <None Include="shaders\ssao_geometry.vert">
      <Filter>Shaders</Filter>
    </None>
    <None Include="shaders\voxel.frag">
      <Filter>Shaders</Filter>
    </None>
    <None Include="shaders\voxel.vert">
      <Filter>Shaders</Filter>
    </None>
  </ItemGroup>
</Project>